
Microsoft Visual Studio Solution File, Format Version 12.00
# Visual Studio Version 17
VisualStudioVersion = 17.2.32516.85
MinimumVisualStudioVersion = 10.0.40219.1
Project("{FAE04EC0-301F-11D3-BF4B-00C04F79EFBC}") = "TypesAndVariables", "TypesAndVariables\TypesAndVariables.csproj", "{B1366689-5051-4399-91EB-995C2429EF4C}"
EndProject
Project("{FAE04EC0-301F-11D3-BF4B-00C04F79EFBC}") = "Conditionals", "Conditionals\Conditionals.csproj", "{7FEC765A-1760-4A93-B1C9-4AD96C04F09C}"
EndProject
Project("{FAE04EC0-301F-11D3-BF4B-00C04F79EFBC}") = "Methods", "Methods\Methods.csproj", "{C1F32865-207C-4170-B751-6248596127A3}"
EndProject
Project("{FAE04EC0-301F-11D3-BF4B-00C04F79EFBC}") = "Arrays", "Arrays\Arrays.csproj", "{0FDB40A7-D975-4A08-932E-4EC10F03C295}"
EndProject
Project("{FAE04EC0-301F-11D3-BF4B-00C04F79EFBC}") = "Loops", "Loops\Loops.csproj", "{B88EDEAD-C523-4712-9277-50F062B9CE0F}"
EndProject
Project("{FAE04EC0-301F-11D3-BF4B-00C04F79EFBC}") = "Strings", "Strings\Strings.csproj", "{224E4871-3366-4B5C-8195-EBC6E75F2987}"
EndProject
Project("{FAE04EC0-301F-11D3-BF4B-00C04F79EFBC}") = "Classes", "Classes\Classes.csproj", "{8059479E-0A8D-41F2-BB74-1151F8C58273}"
EndProject
Project("{FAE04EC0-301F-11D3-BF4B-00C04F79EFBC}") = "RecapDemo1", "RecapDemo1\RecapDemo1.csproj", "{422A3F7C-8FEB-455E-9B55-A879F4F3BA3F}"
EndProject
Project("{FAE04EC0-301F-11D3-BF4B-00C04F79EFBC}") = "Interfaces", "Interfaces\Interfaces.csproj", "{1D959892-AA9F-48AF-84FB-F7B2DB6FCD5B}"
EndProject
Project("{FAE04EC0-301F-11D3-BF4B-00C04F79EFBC}") = "InterfacesDemo", "InterfacesDemo\InterfacesDemo.csproj", "{A194454A-95A7-46F6-B6B3-BBBF0A23D3FE}"
EndProject
Project("{FAE04EC0-301F-11D3-BF4B-00C04F79EFBC}") = "Inheritance", "Inheritance\Inheritance.csproj", "{681BAEDA-4697-44F9-B537-B7ACF7CCE44A}"
EndProject
Project("{FAE04EC0-301F-11D3-BF4B-00C04F79EFBC}") = "VirtualMethods", "VirtualMethods\VirtualMethods.csproj", "{EE3CFCC9-DB43-404C-B10F-889611E6FE58}"
EndProject
Project("{FAE04EC0-301F-11D3-BF4B-00C04F79EFBC}") = "AbstractClasses", "AbstractClasses\AbstractClasses.csproj", "{69F9BD7F-C168-42DC-AEDF-92B2AF916497}"
EndProject
Project("{FAE04EC0-301F-11D3-BF4B-00C04F79EFBC}") = "RecapDemo2", "RecapDemo2\RecapDemo2.csproj", "{F8DDC529-4D0C-44D5-818B-6FEEF8FAD3C8}"
EndProject
Project("{FAE04EC0-301F-11D3-BF4B-00C04F79EFBC}") = "AccessModifiers", "AccessModifiers\AccessModifiers.csproj", "{C4056FF5-EF16-4AC1-B59C-156B5D49FF5F}"
EndProject
Project("{FAE04EC0-301F-11D3-BF4B-00C04F79EFBC}") = "AccessModifiersDemo", "AccessModifiersDemo\AccessModifiersDemo.csproj", "{BFB2BC81-263E-4D17-9D4F-C1722AA91810}"
EndProject
Project("{FAE04EC0-301F-11D3-BF4B-00C04F79EFBC}") = "Constructors", "Constructors\Constructors.csproj", "{79F1B7D3-FA96-409D-8254-8AF497EA01D2}"
EndProject
Global
	GlobalSection(SolutionConfigurationPlatforms) = preSolution
		Debug|Any CPU = Debug|Any CPU
		Release|Any CPU = Release|Any CPU
	EndGlobalSection
	GlobalSection(ProjectConfigurationPlatforms) = postSolution
		{B1366689-5051-4399-91EB-995C2429EF4C}.Debug|Any CPU.ActiveCfg = Debug|Any CPU
		{B1366689-5051-4399-91EB-995C2429EF4C}.Debug|Any CPU.Build.0 = Debug|Any CPU
		{B1366689-5051-4399-91EB-995C2429EF4C}.Release|Any CPU.ActiveCfg = Release|Any CPU
		{B1366689-5051-4399-91EB-995C2429EF4C}.Release|Any CPU.Build.0 = Release|Any CPU
		{7FEC765A-1760-4A93-B1C9-4AD96C04F09C}.Debug|Any CPU.ActiveCfg = Debug|Any CPU
		{7FEC765A-1760-4A93-B1C9-4AD96C04F09C}.Debug|Any CPU.Build.0 = Debug|Any CPU
		{7FEC765A-1760-4A93-B1C9-4AD96C04F09C}.Release|Any CPU.ActiveCfg = Release|Any CPU
		{7FEC765A-1760-4A93-B1C9-4AD96C04F09C}.Release|Any CPU.Build.0 = Release|Any CPU
		{C1F32865-207C-4170-B751-6248596127A3}.Debug|Any CPU.ActiveCfg = Debug|Any CPU
		{C1F32865-207C-4170-B751-6248596127A3}.Debug|Any CPU.Build.0 = Debug|Any CPU
		{C1F32865-207C-4170-B751-6248596127A3}.Release|Any CPU.ActiveCfg = Release|Any CPU
		{C1F32865-207C-4170-B751-6248596127A3}.Release|Any CPU.Build.0 = Release|Any CPU
		{0FDB40A7-D975-4A08-932E-4EC10F03C295}.Debug|Any CPU.ActiveCfg = Debug|Any CPU
		{0FDB40A7-D975-4A08-932E-4EC10F03C295}.Debug|Any CPU.Build.0 = Debug|Any CPU
		{0FDB40A7-D975-4A08-932E-4EC10F03C295}.Release|Any CPU.ActiveCfg = Release|Any CPU
		{0FDB40A7-D975-4A08-932E-4EC10F03C295}.Release|Any CPU.Build.0 = Release|Any CPU
		{B88EDEAD-C523-4712-9277-50F062B9CE0F}.Debug|Any CPU.ActiveCfg = Debug|Any CPU
		{B88EDEAD-C523-4712-9277-50F062B9CE0F}.Debug|Any CPU.Build.0 = Debug|Any CPU
		{B88EDEAD-C523-4712-9277-50F062B9CE0F}.Release|Any CPU.ActiveCfg = Release|Any CPU
		{B88EDEAD-C523-4712-9277-50F062B9CE0F}.Release|Any CPU.Build.0 = Release|Any CPU
		{224E4871-3366-4B5C-8195-EBC6E75F2987}.Debug|Any CPU.ActiveCfg = Debug|Any CPU
		{224E4871-3366-4B5C-8195-EBC6E75F2987}.Debug|Any CPU.Build.0 = Debug|Any CPU
		{224E4871-3366-4B5C-8195-EBC6E75F2987}.Release|Any CPU.ActiveCfg = Release|Any CPU
		{224E4871-3366-4B5C-8195-EBC6E75F2987}.Release|Any CPU.Build.0 = Release|Any CPU
		{8059479E-0A8D-41F2-BB74-1151F8C58273}.Debug|Any CPU.ActiveCfg = Debug|Any CPU
		{8059479E-0A8D-41F2-BB74-1151F8C58273}.Debug|Any CPU.Build.0 = Debug|Any CPU
		{8059479E-0A8D-41F2-BB74-1151F8C58273}.Release|Any CPU.ActiveCfg = Release|Any CPU
		{8059479E-0A8D-41F2-BB74-1151F8C58273}.Release|Any CPU.Build.0 = Release|Any CPU
		{422A3F7C-8FEB-455E-9B55-A879F4F3BA3F}.Debug|Any CPU.ActiveCfg = Debug|Any CPU
		{422A3F7C-8FEB-455E-9B55-A879F4F3BA3F}.Debug|Any CPU.Build.0 = Debug|Any CPU
		{422A3F7C-8FEB-455E-9B55-A879F4F3BA3F}.Release|Any CPU.ActiveCfg = Release|Any CPU
		{422A3F7C-8FEB-455E-9B55-A879F4F3BA3F}.Release|Any CPU.Build.0 = Release|Any CPU
		{1D959892-AA9F-48AF-84FB-F7B2DB6FCD5B}.Debug|Any CPU.ActiveCfg = Debug|Any CPU
		{1D959892-AA9F-48AF-84FB-F7B2DB6FCD5B}.Debug|Any CPU.Build.0 = Debug|Any CPU
		{1D959892-AA9F-48AF-84FB-F7B2DB6FCD5B}.Release|Any CPU.ActiveCfg = Release|Any CPU
		{1D959892-AA9F-48AF-84FB-F7B2DB6FCD5B}.Release|Any CPU.Build.0 = Release|Any CPU
		{A194454A-95A7-46F6-B6B3-BBBF0A23D3FE}.Debug|Any CPU.ActiveCfg = Debug|Any CPU
		{A194454A-95A7-46F6-B6B3-BBBF0A23D3FE}.Debug|Any CPU.Build.0 = Debug|Any CPU
		{A194454A-95A7-46F6-B6B3-BBBF0A23D3FE}.Release|Any CPU.ActiveCfg = Release|Any CPU
		{A194454A-95A7-46F6-B6B3-BBBF0A23D3FE}.Release|Any CPU.Build.0 = Release|Any CPU
		{681BAEDA-4697-44F9-B537-B7ACF7CCE44A}.Debug|Any CPU.ActiveCfg = Debug|Any CPU
		{681BAEDA-4697-44F9-B537-B7ACF7CCE44A}.Debug|Any CPU.Build.0 = Debug|Any CPU
		{681BAEDA-4697-44F9-B537-B7ACF7CCE44A}.Release|Any CPU.ActiveCfg = Release|Any CPU
		{681BAEDA-4697-44F9-B537-B7ACF7CCE44A}.Release|Any CPU.Build.0 = Release|Any CPU
		{EE3CFCC9-DB43-404C-B10F-889611E6FE58}.Debug|Any CPU.ActiveCfg = Debug|Any CPU
		{EE3CFCC9-DB43-404C-B10F-889611E6FE58}.Debug|Any CPU.Build.0 = Debug|Any CPU
		{EE3CFCC9-DB43-404C-B10F-889611E6FE58}.Release|Any CPU.ActiveCfg = Release|Any CPU
		{EE3CFCC9-DB43-404C-B10F-889611E6FE58}.Release|Any CPU.Build.0 = Release|Any CPU
		{69F9BD7F-C168-42DC-AEDF-92B2AF916497}.Debug|Any CPU.ActiveCfg = Debug|Any CPU
		{69F9BD7F-C168-42DC-AEDF-92B2AF916497}.Debug|Any CPU.Build.0 = Debug|Any CPU
		{69F9BD7F-C168-42DC-AEDF-92B2AF916497}.Release|Any CPU.ActiveCfg = Release|Any CPU
		{69F9BD7F-C168-42DC-AEDF-92B2AF916497}.Release|Any CPU.Build.0 = Release|Any CPU
		{F8DDC529-4D0C-44D5-818B-6FEEF8FAD3C8}.Debug|Any CPU.ActiveCfg = Debug|Any CPU
		{F8DDC529-4D0C-44D5-818B-6FEEF8FAD3C8}.Debug|Any CPU.Build.0 = Debug|Any CPU
		{F8DDC529-4D0C-44D5-818B-6FEEF8FAD3C8}.Release|Any CPU.ActiveCfg = Release|Any CPU
		{F8DDC529-4D0C-44D5-818B-6FEEF8FAD3C8}.Release|Any CPU.Build.0 = Release|Any CPU
		{C4056FF5-EF16-4AC1-B59C-156B5D49FF5F}.Debug|Any CPU.ActiveCfg = Debug|Any CPU
		{C4056FF5-EF16-4AC1-B59C-156B5D49FF5F}.Debug|Any CPU.Build.0 = Debug|Any CPU
		{C4056FF5-EF16-4AC1-B59C-156B5D49FF5F}.Release|Any CPU.ActiveCfg = Release|Any CPU
		{C4056FF5-EF16-4AC1-B59C-156B5D49FF5F}.Release|Any CPU.Build.0 = Release|Any CPU
		{BFB2BC81-263E-4D17-9D4F-C1722AA91810}.Debug|Any CPU.ActiveCfg = Debug|Any CPU
		{BFB2BC81-263E-4D17-9D4F-C1722AA91810}.Debug|Any CPU.Build.0 = Debug|Any CPU
		{BFB2BC81-263E-4D17-9D4F-C1722AA91810}.Release|Any CPU.ActiveCfg = Release|Any CPU
		{BFB2BC81-263E-4D17-9D4F-C1722AA91810}.Release|Any CPU.Build.0 = Release|Any CPU
		{79F1B7D3-FA96-409D-8254-8AF497EA01D2}.Debug|Any CPU.ActiveCfg = Debug|Any CPU
		{79F1B7D3-FA96-409D-8254-8AF497EA01D2}.Debug|Any CPU.Build.0 = Debug|Any CPU
		{79F1B7D3-FA96-409D-8254-8AF497EA01D2}.Release|Any CPU.ActiveCfg = Release|Any CPU
		{79F1B7D3-FA96-409D-8254-8AF497EA01D2}.Release|Any CPU.Build.0 = Release|Any CPU
	EndGlobalSection
	GlobalSection(SolutionProperties) = preSolution
		HideSolutionNode = FALSE
	EndGlobalSection
	GlobalSection(ExtensibilityGlobals) = postSolution
		SolutionGuid = {2636595D-59B6-4C28-A9F7-058E0D1BEB72}
	EndGlobalSection
EndGlobal
